
Microsoft Visual Studio Solution File, Format Version 12.00
# Visual Studio Version 17
VisualStudioVersion = 17.2.32526.322
MinimumVisualStudioVersion = 10.0.40219.1
Project("{FAE04EC0-301F-11D3-BF4B-00C04F79EFBC}") = "CourseTaskOOP.PL", "CourseTaskOOP.PL\CourseTaskOOP.PL.csproj", "{8856FD89-206B-4475-B6AC-4D1C7EAE37EF}"
EndProject
Project("{FAE04EC0-301F-11D3-BF4B-00C04F79EFBC}") = "CourseTaskOOP.BLL", "CourseTaskOOP.BLL\CourseTaskOOP.BLL.csproj", "{78279624-E692-4528-A78D-ACC6D945E3B8}"
EndProject
Project("{FAE04EC0-301F-11D3-BF4B-00C04F79EFBC}") = "CourseTaskOOP.DAL", "CourseTaskOOP.DAL\CourseTaskOOP.DAL.csproj", "{0BF16B43-EA83-4177-BFD0-C418E8E66195}"
EndProject
Global
	GlobalSection(SolutionConfigurationPlatforms) = preSolution
		Debug|Any CPU = Debug|Any CPU
		Release|Any CPU = Release|Any CPU
	EndGlobalSection
	GlobalSection(ProjectConfigurationPlatforms) = postSolution
		{8856FD89-206B-4475-B6AC-4D1C7EAE37EF}.Debug|Any CPU.ActiveCfg = Debug|Any CPU
		{8856FD89-206B-4475-B6AC-4D1C7EAE37EF}.Debug|Any CPU.Build.0 = Debug|Any CPU
		{8856FD89-206B-4475-B6AC-4D1C7EAE37EF}.Release|Any CPU.ActiveCfg = Release|Any CPU
		{8856FD89-206B-4475-B6AC-4D1C7EAE37EF}.Release|Any CPU.Build.0 = Release|Any CPU
		{78279624-E692-4528-A78D-ACC6D945E3B8}.Debug|Any CPU.ActiveCfg = Debug|Any CPU
		{78279624-E692-4528-A78D-ACC6D945E3B8}.Debug|Any CPU.Build.0 = Debug|Any CPU
		{78279624-E692-4528-A78D-ACC6D945E3B8}.Release|Any CPU.ActiveCfg = Release|Any CPU
		{78279624-E692-4528-A78D-ACC6D945E3B8}.Release|Any CPU.Build.0 = Release|Any CPU
		{0BF16B43-EA83-4177-BFD0-C418E8E66195}.Debug|Any CPU.ActiveCfg = Debug|Any CPU
		{0BF16B43-EA83-4177-BFD0-C418E8E66195}.Debug|Any CPU.Build.0 = Debug|Any CPU
		{0BF16B43-EA83-4177-BFD0-C418E8E66195}.Release|Any CPU.ActiveCfg = Release|Any CPU
		{0BF16B43-EA83-4177-BFD0-C418E8E66195}.Release|Any CPU.Build.0 = Release|Any CPU
	EndGlobalSection
	GlobalSection(SolutionProperties) = preSolution
		HideSolutionNode = FALSE
	EndGlobalSection
	GlobalSection(ExtensibilityGlobals) = postSolution
		SolutionGuid = {60FF9479-4ADA-41D3-A173-53014DA1DBB8}
	EndGlobalSection
EndGlobal
